// !$*UTF8*$!
{
	archiveVersion = 1;
	classes = {
	};
	objectVersion = 77;
	objects = {

/* Begin PBXBuildFile section */
		C3656B7C2D54063D00CC93D4 /* DynamoDBManager.swift in Sources */ = {isa = PBXBuildFile; fileRef = C3656B7B2D54063800CC93D4 /* DynamoDBManager.swift */; };
		C3862E482D54192A0072992E /* AWSDynamoDB in Frameworks */ = {isa = PBXBuildFile; productRef = C3862E472D54192A0072992E /* AWSDynamoDB */; };
		C3862E882D54328A0072992E /* FirebaseDatabase in Frameworks */ = {isa = PBXBuildFile; productRef = C3862E872D54328A0072992E /* FirebaseDatabase */; };
		C3862E8A2D54328A0072992E /* FirebaseFirestore in Frameworks */ = {isa = PBXBuildFile; productRef = C3862E892D54328A0072992E /* FirebaseFirestore */; };
/* End PBXBuildFile section */

/* Begin PBXContainerItemProxy section */
		C36E0FE72CE795170010E27D /* PBXContainerItemProxy */ = {
			isa = PBXContainerItemProxy;
			containerPortal = C36E0FCE2CE795150010E27D /* Project object */;
			proxyType = 1;
			remoteGlobalIDString = C36E0FD52CE795150010E27D;
			remoteInfo = Stabilise;
		};
		C36E0FF12CE795170010E27D /* PBXContainerItemProxy */ = {
			isa = PBXContainerItemProxy;
			containerPortal = C36E0FCE2CE795150010E27D /* Project object */;
			proxyType = 1;
			remoteGlobalIDString = C36E0FD52CE795150010E27D;
			remoteInfo = Stabilise;
		};
/* End PBXContainerItemProxy section */

/* Begin PBXFileReference section */
		C3656B7B2D54063800CC93D4 /* DynamoDBManager.swift */ = {isa = PBXFileReference; lastKnownFileType = sourcecode.swift; path = DynamoDBManager.swift; sourceTree = "<group>"; };
		C36E0FD62CE795150010E27D /* Stabilise.app */ = {isa = PBXFileReference; explicitFileType = wrapper.application; includeInIndex = 0; path = Stabilise.app; sourceTree = BUILT_PRODUCTS_DIR; };
		C36E0FE62CE795170010E27D /* StabiliseTests.xctest */ = {isa = PBXFileReference; explicitFileType = wrapper.cfbundle; includeInIndex = 0; path = StabiliseTests.xctest; sourceTree = BUILT_PRODUCTS_DIR; };
		C36E0FF02CE795170010E27D /* StabiliseUITests.xctest */ = {isa = PBXFileReference; explicitFileType = wrapper.cfbundle; includeInIndex = 0; path = StabiliseUITests.xctest; sourceTree = BUILT_PRODUCTS_DIR; };
/* End PBXFileReference section */

/* Begin PBXFileSystemSynchronizedBuildFileExceptionSet section */
		C3B2C4BD2CE7A6250073891A /* Exceptions for "Stabilise" folder in "Stabilise" target */ = {
			isa = PBXFileSystemSynchronizedBuildFileExceptionSet;
			membershipExceptions = (
				Info.plist,
			);
			target = C36E0FD52CE795150010E27D /* Stabilise */;
		};
/* End PBXFileSystemSynchronizedBuildFileExceptionSet section */

/* Begin PBXFileSystemSynchronizedRootGroup section */
		C36E0FD82CE795150010E27D /* Stabilise */ = {
			isa = PBXFileSystemSynchronizedRootGroup;
			exceptions = (
				C3B2C4BD2CE7A6250073891A /* Exceptions for "Stabilise" folder in "Stabilise" target */,
			);
			path = Stabilise;
			sourceTree = "<group>";
		};
		C36E0FE92CE795170010E27D /* StabiliseTests */ = {
			isa = PBXFileSystemSynchronizedRootGroup;
			path = StabiliseTests;
			sourceTree = "<group>";
		};
		C36E0FF32CE795170010E27D /* StabiliseUITests */ = {
			isa = PBXFileSystemSynchronizedRootGroup;
			path = StabiliseUITests;
			sourceTree = "<group>";
		};
/* End PBXFileSystemSynchronizedRootGroup section */

/* Begin PBXFrameworksBuildPhase section */
		C39292892D5413D000C100DE /* Frameworks */ = {
			isa = PBXFrameworksBuildPhase;
			buildActionMask = 2147483647;
			files = (
				C3862E882D54328A0072992E /* FirebaseDatabase in Frameworks */,
				C3862E482D54192A0072992E /* AWSDynamoDB in Frameworks */,
				C3862E8A2D54328A0072992E /* FirebaseFirestore in Frameworks */,
			);
			runOnlyForDeploymentPostprocessing = 0;
		};
/* End PBXFrameworksBuildPhase section */

/* Begin PBXGroup section */
		C36E0FCD2CE795150010E27D = {
			isa = PBXGroup;
			children = (
				C36E0FD82CE795150010E27D /* Stabilise */,
				C36E0FE92CE795170010E27D /* StabiliseTests */,
				C36E0FF32CE795170010E27D /* StabiliseUITests */,
				C36E0FD72CE795150010E27D /* Products */,
				C3656B7B2D54063800CC93D4 /* DynamoDBManager.swift */,
				C39292832D540F3F00C100DE /* Frameworks */,
			);
			sourceTree = "<group>";
		};
		C36E0FD72CE795150010E27D /* Products */ = {
			isa = PBXGroup;
			children = (
				C36E0FD62CE795150010E27D /* Stabilise.app */,
				C36E0FE62CE795170010E27D /* StabiliseTests.xctest */,
				C36E0FF02CE795170010E27D /* StabiliseUITests.xctest */,
			);
			name = Products;
			sourceTree = "<group>";
		};
		C39292832D540F3F00C100DE /* Frameworks */ = {
			isa = PBXGroup;
			children = (
			);
			name = Frameworks;
			sourceTree = "<group>";
		};
/* End PBXGroup section */

/* Begin PBXNativeTarget section */
		C36E0FD52CE795150010E27D /* Stabilise */ = {
			isa = PBXNativeTarget;
			buildConfigurationList = C36E0FFA2CE795180010E27D /* Build configuration list for PBXNativeTarget "Stabilise" */;
			buildPhases = (
				C36E0FD22CE795150010E27D /* Sources */,
				C36E0FD42CE795150010E27D /* Resources */,
				C39292892D5413D000C100DE /* Frameworks */,
			);
			buildRules = (
			);
			dependencies = (
			);
			fileSystemSynchronizedGroups = (
				C36E0FD82CE795150010E27D /* Stabilise */,
			);
			name = Stabilise;
			packageProductDependencies = (
				C3862E472D54192A0072992E /* AWSDynamoDB */,
				C3862E872D54328A0072992E /* FirebaseDatabase */,
				C3862E892D54328A0072992E /* FirebaseFirestore */,
			);
			productName = Stabilise;
			productReference = C36E0FD62CE795150010E27D /* Stabilise.app */;
			productType = "com.apple.product-type.application";
		};
		C36E0FE52CE795170010E27D /* StabiliseTests */ = {
			isa = PBXNativeTarget;
			buildConfigurationList = C36E0FFD2CE795180010E27D /* Build configuration list for PBXNativeTarget "StabiliseTests" */;
			buildPhases = (
				C36E0FE22CE795170010E27D /* Sources */,
				C36E0FE42CE795170010E27D /* Resources */,
			);
			buildRules = (
			);
			dependencies = (
				C36E0FE82CE795170010E27D /* PBXTargetDependency */,
			);
			fileSystemSynchronizedGroups = (
				C36E0FE92CE795170010E27D /* StabiliseTests */,
			);
			name = StabiliseTests;
			productName = StabiliseTests;
			productReference = C36E0FE62CE795170010E27D /* StabiliseTests.xctest */;
			productType = "com.apple.product-type.bundle.unit-test";
		};
		C36E0FEF2CE795170010E27D /* StabiliseUITests */ = {
			isa = PBXNativeTarget;
			buildConfigurationList = C36E10002CE795180010E27D /* Build configuration list for PBXNativeTarget "StabiliseUITests" */;
			buildPhases = (
				C36E0FEC2CE795170010E27D /* Sources */,
				C36E0FEE2CE795170010E27D /* Resources */,
			);
			buildRules = (
			);
			dependencies = (
				C36E0FF22CE795170010E27D /* PBXTargetDependency */,
			);
			fileSystemSynchronizedGroups = (
				C36E0FF32CE795170010E27D /* StabiliseUITests */,
			);
			name = StabiliseUITests;
			productName = StabiliseUITests;
			productReference = C36E0FF02CE795170010E27D /* StabiliseUITests.xctest */;
			productType = "com.apple.product-type.bundle.ui-testing";
		};
/* End PBXNativeTarget section */

/* Begin PBXProject section */
		C36E0FCE2CE795150010E27D /* Project object */ = {
			isa = PBXProject;
			attributes = {
				BuildIndependentTargetsInParallel = 1;
				LastSwiftUpdateCheck = 1610;
				LastUpgradeCheck = 1610;
				TargetAttributes = {
					C36E0FD52CE795150010E27D = {
						CreatedOnToolsVersion = 16.1;
					};
					C36E0FE52CE795170010E27D = {
						CreatedOnToolsVersion = 16.1;
						TestTargetID = C36E0FD52CE795150010E27D;
					};
					C36E0FEF2CE795170010E27D = {
						CreatedOnToolsVersion = 16.1;
						TestTargetID = C36E0FD52CE795150010E27D;
					};
				};
			};
			buildConfigurationList = C36E0FD12CE795150010E27D /* Build configuration list for PBXProject "Stabilise" */;
			developmentRegion = en;
			hasScannedForEncodings = 0;
			knownRegions = (
				en,
				Base,
				hu,
			);
			mainGroup = C36E0FCD2CE795150010E27D;
			minimizedProjectReferenceProxies = 1;
			packageReferences = (
				C3862E462D54192A0072992E /* XCRemoteSwiftPackageReference "aws-sdk-swift" */,
				C3862E862D54328A0072992E /* XCRemoteSwiftPackageReference "firebase-ios-sdk" */,
			);
			preferredProjectObjectVersion = 77;
			productRefGroup = C36E0FD72CE795150010E27D /* Products */;
			projectDirPath = "";
			projectRoot = "";
			targets = (
				C36E0FD52CE795150010E27D /* Stabilise */,
				C36E0FE52CE795170010E27D /* StabiliseTests */,
				C36E0FEF2CE795170010E27D /* StabiliseUITests */,
			);
		};
/* End PBXProject section */

/* Begin PBXResourcesBuildPhase section */
		C36E0FD42CE795150010E27D /* Resources */ = {
			isa = PBXResourcesBuildPhase;
			buildActionMask = 2147483647;
			files = (
			);
			runOnlyForDeploymentPostprocessing = 0;
		};
		C36E0FE42CE795170010E27D /* Resources */ = {
			isa = PBXResourcesBuildPhase;
			buildActionMask = 2147483647;
			files = (
			);
			runOnlyForDeploymentPostprocessing = 0;
		};
		C36E0FEE2CE795170010E27D /* Resources */ = {
			isa = PBXResourcesBuildPhase;
			buildActionMask = 2147483647;
			files = (
			);
			runOnlyForDeploymentPostprocessing = 0;
		};
/* End PBXResourcesBuildPhase section */

/* Begin PBXSourcesBuildPhase section */
		C36E0FD22CE795150010E27D /* Sources */ = {
			isa = PBXSourcesBuildPhase;
			buildActionMask = 2147483647;
			files = (
				C3656B7C2D54063D00CC93D4 /* DynamoDBManager.swift in Sources */,
			);
			runOnlyForDeploymentPostprocessing = 0;
		};
		C36E0FE22CE795170010E27D /* Sources */ = {
			isa = PBXSourcesBuildPhase;
			buildActionMask = 2147483647;
			files = (
			);
			runOnlyForDeploymentPostprocessing = 0;
		};
		C36E0FEC2CE795170010E27D /* Sources */ = {
			isa = PBXSourcesBuildPhase;
			buildActionMask = 2147483647;
			files = (
			);
			runOnlyForDeploymentPostprocessing = 0;
		};
/* End PBXSourcesBuildPhase section */

/* Begin PBXTargetDependency section */
		C36E0FE82CE795170010E27D /* PBXTargetDependency */ = {
			isa = PBXTargetDependency;
			target = C36E0FD52CE795150010E27D /* Stabilise */;
			targetProxy = C36E0FE72CE795170010E27D /* PBXContainerItemProxy */;
		};
		C36E0FF22CE795170010E27D /* PBXTargetDependency */ = {
			isa = PBXTargetDependency;
			target = C36E0FD52CE795150010E27D /* Stabilise */;
			targetProxy = C36E0FF12CE795170010E27D /* PBXContainerItemProxy */;
		};
/* End PBXTargetDependency section */

/* Begin XCBuildConfiguration section */
		C36E0FF82CE795180010E27D /* Debug */ = {
			isa = XCBuildConfiguration;
			buildSettings = {
				ALWAYS_SEARCH_USER_PATHS = NO;
				ASSETCATALOG_COMPILER_GENERATE_SWIFT_ASSET_SYMBOL_EXTENSIONS = YES;
				CLANG_ANALYZER_NONNULL = YES;
				CLANG_ANALYZER_NUMBER_OBJECT_CONVERSION = YES_AGGRESSIVE;
				CLANG_CXX_LANGUAGE_STANDARD = "gnu++20";
				CLANG_ENABLE_MODULES = YES;
				CLANG_ENABLE_OBJC_ARC = YES;
				CLANG_ENABLE_OBJC_WEAK = YES;
				CLANG_WARN_BLOCK_CAPTURE_AUTORELEASING = YES;
				CLANG_WARN_BOOL_CONVERSION = YES;
				CLANG_WARN_COMMA = YES;
				CLANG_WARN_CONSTANT_CONVERSION = YES;
				CLANG_WARN_DEPRECATED_OBJC_IMPLEMENTATIONS = YES;
				CLANG_WARN_DIRECT_OBJC_ISA_USAGE = YES_ERROR;
				CLANG_WARN_DOCUMENTATION_COMMENTS = YES;
				CLANG_WARN_EMPTY_BODY = YES;
				CLANG_WARN_ENUM_CONVERSION = YES;
				CLANG_WARN_INFINITE_RECURSION = YES;
				CLANG_WARN_INT_CONVERSION = YES;
				CLANG_WARN_NON_LITERAL_NULL_CONVERSION = YES;
				CLANG_WARN_OBJC_IMPLICIT_RETAIN_SELF = YES;
				CLANG_WARN_OBJC_LITERAL_CONVERSION = YES;
				CLANG_WARN_OBJC_ROOT_CLASS = YES_ERROR;
				CLANG_WARN_QUOTED_INCLUDE_IN_FRAMEWORK_HEADER = YES;
				CLANG_WARN_RANGE_LOOP_ANALYSIS = YES;
				CLANG_WARN_STRICT_PROTOTYPES = YES;
				CLANG_WARN_SUSPICIOUS_MOVE = YES;
				CLANG_WARN_UNGUARDED_AVAILABILITY = YES_AGGRESSIVE;
				CLANG_WARN_UNREACHABLE_CODE = YES;
				CLANG_WARN__DUPLICATE_METHOD_MATCH = YES;
				COPY_PHASE_STRIP = NO;
				DEBUG_INFORMATION_FORMAT = dwarf;
				ENABLE_STRICT_OBJC_MSGSEND = YES;
				ENABLE_TESTABILITY = YES;
				ENABLE_USER_SCRIPT_SANDBOXING = YES;
				GCC_C_LANGUAGE_STANDARD = gnu17;
				GCC_DYNAMIC_NO_PIC = NO;
				GCC_NO_COMMON_BLOCKS = YES;
				GCC_OPTIMIZATION_LEVEL = 0;
				GCC_PREPROCESSOR_DEFINITIONS = (
					"DEBUG=1",
					"$(inherited)",
				);
				GCC_WARN_64_TO_32_BIT_CONVERSION = YES;
				GCC_WARN_ABOUT_RETURN_TYPE = YES_ERROR;
				GCC_WARN_UNDECLARED_SELECTOR = YES;
				GCC_WARN_UNINITIALIZED_AUTOS = YES_AGGRESSIVE;
				GCC_WARN_UNUSED_FUNCTION = YES;
				GCC_WARN_UNUSED_VARIABLE = YES;
				IPHONEOS_DEPLOYMENT_TARGET = 18.1;
				LOCALIZATION_PREFERS_STRING_CATALOGS = YES;
				MTL_ENABLE_DEBUG_INFO = INCLUDE_SOURCE;
				MTL_FAST_MATH = YES;
				ONLY_ACTIVE_ARCH = YES;
				SDKROOT = iphoneos;
				SWIFT_ACTIVE_COMPILATION_CONDITIONS = "DEBUG $(inherited)";
				SWIFT_EMIT_LOC_STRINGS = YES;
				SWIFT_OPTIMIZATION_LEVEL = "-Onone";
			};
			name = Debug;
		};
		C36E0FF92CE795180010E27D /* Release */ = {
			isa = XCBuildConfiguration;
			buildSettings = {
				ALWAYS_SEARCH_USER_PATHS = NO;
				ASSETCATALOG_COMPILER_GENERATE_SWIFT_ASSET_SYMBOL_EXTENSIONS = YES;
				CLANG_ANALYZER_NONNULL = YES;
				CLANG_ANALYZER_NUMBER_OBJECT_CONVERSION = YES_AGGRESSIVE;
				CLANG_CXX_LANGUAGE_STANDARD = "gnu++20";
				CLANG_ENABLE_MODULES = YES;
				CLANG_ENABLE_OBJC_ARC = YES;
				CLANG_ENABLE_OBJC_WEAK = YES;
				CLANG_WARN_BLOCK_CAPTURE_AUTORELEASING = YES;
				CLANG_WARN_BOOL_CONVERSION = YES;
				CLANG_WARN_COMMA = YES;
				CLANG_WARN_CONSTANT_CONVERSION = YES;
				CLANG_WARN_DEPRECATED_OBJC_IMPLEMENTATIONS = YES;
				CLANG_WARN_DIRECT_OBJC_ISA_USAGE = YES_ERROR;
				CLANG_WARN_DOCUMENTATION_COMMENTS = YES;
				CLANG_WARN_EMPTY_BODY = YES;
				CLANG_WARN_ENUM_CONVERSION = YES;
				CLANG_WARN_INFINITE_RECURSION = YES;
				CLANG_WARN_INT_CONVERSION = YES;
				CLANG_WARN_NON_LITERAL_NULL_CONVERSION = YES;
				CLANG_WARN_OBJC_IMPLICIT_RETAIN_SELF = YES;
				CLANG_WARN_OBJC_LITERAL_CONVERSION = YES;
				CLANG_WARN_OBJC_ROOT_CLASS = YES_ERROR;
				CLANG_WARN_QUOTED_INCLUDE_IN_FRAMEWORK_HEADER = YES;
				CLANG_WARN_RANGE_LOOP_ANALYSIS = YES;
				CLANG_WARN_STRICT_PROTOTYPES = YES;
				CLANG_WARN_SUSPICIOUS_MOVE = YES;
				CLANG_WARN_UNGUARDED_AVAILABILITY = YES_AGGRESSIVE;
				CLANG_WARN_UNREACHABLE_CODE = YES;
				CLANG_WARN__DUPLICATE_METHOD_MATCH = YES;
				COPY_PHASE_STRIP = NO;
				DEBUG_INFORMATION_FORMAT = "dwarf-with-dsym";
				ENABLE_NS_ASSERTIONS = NO;
				ENABLE_STRICT_OBJC_MSGSEND = YES;
				ENABLE_USER_SCRIPT_SANDBOXING = YES;
				GCC_C_LANGUAGE_STANDARD = gnu17;
				GCC_NO_COMMON_BLOCKS = YES;
				GCC_WARN_64_TO_32_BIT_CONVERSION = YES;
				GCC_WARN_ABOUT_RETURN_TYPE = YES_ERROR;
				GCC_WARN_UNDECLARED_SELECTOR = YES;
				GCC_WARN_UNINITIALIZED_AUTOS = YES_AGGRESSIVE;
				GCC_WARN_UNUSED_FUNCTION = YES;
				GCC_WARN_UNUSED_VARIABLE = YES;
				IPHONEOS_DEPLOYMENT_TARGET = 18.1;
				LOCALIZATION_PREFERS_STRING_CATALOGS = YES;
				MTL_ENABLE_DEBUG_INFO = NO;
				MTL_FAST_MATH = YES;
				SDKROOT = iphoneos;
				SWIFT_COMPILATION_MODE = wholemodule;
				SWIFT_EMIT_LOC_STRINGS = YES;
				VALIDATE_PRODUCT = YES;
			};
			name = Release;
		};
		C36E0FFB2CE795180010E27D /* Debug */ = {
			isa = XCBuildConfiguration;
			buildSettings = {
				ASSETCATALOG_COMPILER_APPICON_NAME = AppIcon;
				ASSETCATALOG_COMPILER_GLOBAL_ACCENT_COLOR_NAME = AccentColor;
				CODE_SIGN_STYLE = Automatic;
				CURRENT_PROJECT_VERSION = 1;
				DEVELOPMENT_ASSET_PATHS = "\"Stabilise/Preview Content\"";
				ENABLE_PREVIEWS = YES;
				GENERATE_INFOPLIST_FILE = YES;
				INFOPLIST_FILE = Stabilise/Info.plist;
				INFOPLIST_KEY_UIApplicationSceneManifest_Generation = YES;
				INFOPLIST_KEY_UIApplicationSupportsIndirectInputEvents = YES;
				INFOPLIST_KEY_UILaunchScreen_Generation = YES;
				INFOPLIST_KEY_UISupportedInterfaceOrientations_iPad = "UIInterfaceOrientationPortrait UIInterfaceOrientationPortraitUpsideDown UIInterfaceOrientationLandscapeLeft UIInterfaceOrientationLandscapeRight";
				INFOPLIST_KEY_UISupportedInterfaceOrientations_iPhone = "UIInterfaceOrientationPortrait UIInterfaceOrientationLandscapeLeft UIInterfaceOrientationLandscapeRight";
				LD_RUNPATH_SEARCH_PATHS = (
					"$(inherited)",
					"@executable_path/Frameworks",
				);
				MARKETING_VERSION = 1.0;
				PRODUCT_BUNDLE_IDENTIFIER = com.example.tutorial.Stabilise;
				PRODUCT_NAME = "$(TARGET_NAME)";
				SWIFT_EMIT_LOC_STRINGS = YES;
				SWIFT_VERSION = 5.0;
				TARGETED_DEVICE_FAMILY = "1,2";
			};
			name = Debug;
		};
		C36E0FFC2CE795180010E27D /* Release */ = {
			isa = XCBuildConfiguration;
			buildSettings = {
				ASSETCATALOG_COMPILER_APPICON_NAME = AppIcon;
				ASSETCATALOG_COMPILER_GLOBAL_ACCENT_COLOR_NAME = AccentColor;
				CODE_SIGN_STYLE = Automatic;
				CURRENT_PROJECT_VERSION = 1;
				DEVELOPMENT_ASSET_PATHS = "\"Stabilise/Preview Content\"";
				ENABLE_PREVIEWS = YES;
				GENERATE_INFOPLIST_FILE = YES;
				INFOPLIST_FILE = Stabilise/Info.plist;
				INFOPLIST_KEY_UIApplicationSceneManifest_Generation = YES;
				INFOPLIST_KEY_UIApplicationSupportsIndirectInputEvents = YES;
				INFOPLIST_KEY_UILaunchScreen_Generation = YES;
				INFOPLIST_KEY_UISupportedInterfaceOrientations_iPad = "UIInterfaceOrientationPortrait UIInterfaceOrientationPortraitUpsideDown UIInterfaceOrientationLandscapeLeft UIInterfaceOrientationLandscapeRight";
				INFOPLIST_KEY_UISupportedInterfaceOrientations_iPhone = "UIInterfaceOrientationPortrait UIInterfaceOrientationLandscapeLeft UIInterfaceOrientationLandscapeRight";
				LD_RUNPATH_SEARCH_PATHS = (
					"$(inherited)",
					"@executable_path/Frameworks",
				);
				MARKETING_VERSION = 1.0;
				PRODUCT_BUNDLE_IDENTIFIER = com.example.tutorial.Stabilise;
				PRODUCT_NAME = "$(TARGET_NAME)";
				SWIFT_EMIT_LOC_STRINGS = YES;
				SWIFT_VERSION = 5.0;
				TARGETED_DEVICE_FAMILY = "1,2";
			};
			name = Release;
		};
		C36E0FFE2CE795180010E27D /* Debug */ = {
			isa = XCBuildConfiguration;
			buildSettings = {
				BUNDLE_LOADER = "$(TEST_HOST)";
				CODE_SIGN_STYLE = Automatic;
				CURRENT_PROJECT_VERSION = 1;
				GENERATE_INFOPLIST_FILE = YES;
				IPHONEOS_DEPLOYMENT_TARGET = 18.1;
				MARKETING_VERSION = 1.0;
				PRODUCT_BUNDLE_IDENTIFIER = com.example.tutorial.StabiliseTests;
				PRODUCT_NAME = "$(TARGET_NAME)";
				SWIFT_EMIT_LOC_STRINGS = NO;
				SWIFT_VERSION = 5.0;
				TARGETED_DEVICE_FAMILY = "1,2";
				TEST_HOST = "$(BUILT_PRODUCTS_DIR)/Stabilise.app/$(BUNDLE_EXECUTABLE_FOLDER_PATH)/Stabilise";
			};
			name = Debug;
		};
		C36E0FFF2CE795180010E27D /* Release */ = {
			isa = XCBuildConfiguration;
			buildSettings = {
				BUNDLE_LOADER = "$(TEST_HOST)";
				CODE_SIGN_STYLE = Automatic;
				CURRENT_PROJECT_VERSION = 1;
				GENERATE_INFOPLIST_FILE = YES;
				IPHONEOS_DEPLOYMENT_TARGET = 18.1;
				MARKETING_VERSION = 1.0;
				PRODUCT_BUNDLE_IDENTIFIER = com.example.tutorial.StabiliseTests;
				PRODUCT_NAME = "$(TARGET_NAME)";
				SWIFT_EMIT_LOC_STRINGS = NO;
				SWIFT_VERSION = 5.0;
				TARGETED_DEVICE_FAMILY = "1,2";
				TEST_HOST = "$(BUILT_PRODUCTS_DIR)/Stabilise.app/$(BUNDLE_EXECUTABLE_FOLDER_PATH)/Stabilise";
			};
			name = Release;
		};
		C36E10012CE795180010E27D /* Debug */ = {
			isa = XCBuildConfiguration;
			buildSettings = {
				CODE_SIGN_STYLE = Automatic;
				CURRENT_PROJECT_VERSION = 1;
				GENERATE_INFOPLIST_FILE = YES;
				MARKETING_VERSION = 1.0;
				PRODUCT_BUNDLE_IDENTIFIER = com.example.tutorial.StabiliseUITests;
				PRODUCT_NAME = "$(TARGET_NAME)";
				SWIFT_EMIT_LOC_STRINGS = NO;
				SWIFT_VERSION = 5.0;
				TARGETED_DEVICE_FAMILY = "1,2";
				TEST_TARGET_NAME = Stabilise;
			};
			name = Debug;
		};
		C36E10022CE795180010E27D /* Release */ = {
			isa = XCBuildConfiguration;
			buildSettings = {
				CODE_SIGN_STYLE = Automatic;
				CURRENT_PROJECT_VERSION = 1;
				GENERATE_INFOPLIST_FILE = YES;
				MARKETING_VERSION = 1.0;
				PRODUCT_BUNDLE_IDENTIFIER = com.example.tutorial.StabiliseUITests;
				PRODUCT_NAME = "$(TARGET_NAME)";
				SWIFT_EMIT_LOC_STRINGS = NO;
				SWIFT_VERSION = 5.0;
				TARGETED_DEVICE_FAMILY = "1,2";
				TEST_TARGET_NAME = Stabilise;
			};
			name = Release;
		};
/* End XCBuildConfiguration section */

/* Begin XCConfigurationList section */
		C36E0FD12CE795150010E27D /* Build configuration list for PBXProject "Stabilise" */ = {
			isa = XCConfigurationList;
			buildConfigurations = (
				C36E0FF82CE795180010E27D /* Debug */,
				C36E0FF92CE795180010E27D /* Release */,
			);
			defaultConfigurationIsVisible = 0;
			defaultConfigurationName = Release;
		};
		C36E0FFA2CE795180010E27D /* Build configuration list for PBXNativeTarget "Stabilise" */ = {
			isa = XCConfigurationList;
			buildConfigurations = (
				C36E0FFB2CE795180010E27D /* Debug */,
				C36E0FFC2CE795180010E27D /* Release */,
			);
			defaultConfigurationIsVisible = 0;
			defaultConfigurationName = Release;
		};
		C36E0FFD2CE795180010E27D /* Build configuration list for PBXNativeTarget "StabiliseTests" */ = {
			isa = XCConfigurationList;
			buildConfigurations = (
				C36E0FFE2CE795180010E27D /* Debug */,
				C36E0FFF2CE795180010E27D /* Release */,
			);
			defaultConfigurationIsVisible = 0;
			defaultConfigurationName = Release;
		};
		C36E10002CE795180010E27D /* Build configuration list for PBXNativeTarget "StabiliseUITests" */ = {
			isa = XCConfigurationList;
			buildConfigurations = (
				C36E10012CE795180010E27D /* Debug */,
				C36E10022CE795180010E27D /* Release */,
			);
			defaultConfigurationIsVisible = 0;
			defaultConfigurationName = Release;
		};
/* End XCConfigurationList section */

/* Begin XCRemoteSwiftPackageReference section */
		C3862E462D54192A0072992E /* XCRemoteSwiftPackageReference "aws-sdk-swift" */ = {
			isa = XCRemoteSwiftPackageReference;
			repositoryURL = "https://github.com/awslabs/aws-sdk-swift.git";
			requirement = {
				kind = upToNextMajorVersion;
				minimumVersion = 1.2.12;
			};
		};
		C3862E862D54328A0072992E /* XCRemoteSwiftPackageReference "firebase-ios-sdk" */ = {
			isa = XCRemoteSwiftPackageReference;
			repositoryURL = "https://github.com/firebase/firebase-ios-sdk";
			requirement = {
				kind = upToNextMajorVersion;
				minimumVersion = 11.8.1;
			};
		};
/* End XCRemoteSwiftPackageReference section */

/* Begin XCSwiftPackageProductDependency section */
		C3862E472D54192A0072992E /* AWSDynamoDB */ = {
			isa = XCSwiftPackageProductDependency;
			package = C3862E462D54192A0072992E /* XCRemoteSwiftPackageReference "aws-sdk-swift" */;
			productName = AWSDynamoDB;
		};
		C3862E872D54328A0072992E /* FirebaseDatabase */ = {
			isa = XCSwiftPackageProductDependency;
			package = C3862E862D54328A0072992E /* XCRemoteSwiftPackageReference "firebase-ios-sdk" */;
			productName = FirebaseDatabase;
		};
		C3862E892D54328A0072992E /* FirebaseFirestore */ = {
			isa = XCSwiftPackageProductDependency;
			package = C3862E862D54328A0072992E /* XCRemoteSwiftPackageReference "firebase-ios-sdk" */;
			productName = FirebaseFirestore;
		};
/* End XCSwiftPackageProductDependency section */
	};
	rootObject = C36E0FCE2CE795150010E27D /* Project object */;
}
